// !$*UTF8*$!
{
	archiveVersion = 1;
	classes = {
	};
	objectVersion = 52;
	objects = {

/* Begin PBXBuildFile section */
		C907765B253115D2006ED382 /* ContentView.swift in Sources */ = {isa = PBXBuildFile; fileRef = C907765A253115D2006ED382 /* ContentView.swift */; };
		C90C911B2557382B006E6752 /* SwiftUIView.swift in Sources */ = {isa = PBXBuildFile; fileRef = C90C911A2557382B006E6752 /* SwiftUIView.swift */; };
		C90C912725573C16006E6752 /* SwiftUICharts in Frameworks */ = {isa = PBXBuildFile; productRef = C90C912625573C16006E6752 /* SwiftUICharts */; };
		C9451F1125495A6300767AFE /* BarFullView.swift in Sources */ = {isa = PBXBuildFile; fileRef = C9451F1025495A6300767AFE /* BarFullView.swift */; };
		C9702ADD252EF14E008A7167 /* ScoutingAppApp.swift in Sources */ = {isa = PBXBuildFile; fileRef = C9702ADC252EF14E008A7167 /* ScoutingAppApp.swift */; };
		C9702AE1252EF152008A7167 /* Assets.xcassets in Resources */ = {isa = PBXBuildFile; fileRef = C9702AE0252EF152008A7167 /* Assets.xcassets */; };
		C9702AE4252EF152008A7167 /* Preview Assets.xcassets in Resources */ = {isa = PBXBuildFile; fileRef = C9702AE3252EF152008A7167 /* Preview Assets.xcassets */; };
		C9702AEF252EF152008A7167 /* ScoutingAppTests.swift in Sources */ = {isa = PBXBuildFile; fileRef = C9702AEE252EF152008A7167 /* ScoutingAppTests.swift */; };
		C9702AFA252EF152008A7167 /* ScoutingAppUITests.swift in Sources */ = {isa = PBXBuildFile; fileRef = C9702AF9252EF152008A7167 /* ScoutingAppUITests.swift */; };
		C9702B0E252EF16A008A7167 /* MatchView.swift in Sources */ = {isa = PBXBuildFile; fileRef = C9702B0B252EF16A008A7167 /* MatchView.swift */; };
		C9702B0F252EF16A008A7167 /* matchNav.swift in Sources */ = {isa = PBXBuildFile; fileRef = C9702B0C252EF16A008A7167 /* matchNav.swift */; };
		C9702B10252EF16A008A7167 /* MatchList.swift in Sources */ = {isa = PBXBuildFile; fileRef = C9702B0D252EF16A008A7167 /* MatchList.swift */; };
		C9702B15252EF174008A7167 /* BarGraph.swift in Sources */ = {isa = PBXBuildFile; fileRef = C9702B14252EF174008A7167 /* BarGraph.swift */; };
		C9702B1F252EF18A008A7167 /* ThemedButton.swift in Sources */ = {isa = PBXBuildFile; fileRef = C9702B1E252EF189008A7167 /* ThemedButton.swift */; };
		C9702B24252EF19C008A7167 /* Team.swift in Sources */ = {isa = PBXBuildFile; fileRef = C9702B23252EF19C008A7167 /* Team.swift */; };
		C9702B2C252EF1AF008A7167 /* TeamList.swift in Sources */ = {isa = PBXBuildFile; fileRef = C9702B29252EF1AF008A7167 /* TeamList.swift */; };
		C9702B2D252EF1AF008A7167 /* TeamNav.swift in Sources */ = {isa = PBXBuildFile; fileRef = C9702B2A252EF1AF008A7167 /* TeamNav.swift */; };
		C9702B2E252EF1AF008A7167 /* TeamView.swift in Sources */ = {isa = PBXBuildFile; fileRef = C9702B2B252EF1AF008A7167 /* TeamView.swift */; };
		C9D9E99B254A00D600E42210 /* CardView.swift in Sources */ = {isa = PBXBuildFile; fileRef = C9D9E99A254A00D600E42210 /* CardView.swift */; };
		C9F28BA0253002A90011F59F /* ComposableArchitecture in Frameworks */ = {isa = PBXBuildFile; productRef = C9F28B9F253002A90011F59F /* ComposableArchitecture */; };
		C9F28BA2253002A90011F59F /* ComposableCoreMotion in Frameworks */ = {isa = PBXBuildFile; productRef = C9F28BA1253002A90011F59F /* ComposableCoreMotion */; };
		C9F28BA4253002A90011F59F /* ComposableCoreLocation in Frameworks */ = {isa = PBXBuildFile; productRef = C9F28BA3253002A90011F59F /* ComposableCoreLocation */; };
/* End PBXBuildFile section */

/* Begin PBXContainerItemProxy section */
		C9702AEB252EF152008A7167 /* PBXContainerItemProxy */ = {
			isa = PBXContainerItemProxy;
			containerPortal = C9702AD1252EF14E008A7167 /* Project object */;
			proxyType = 1;
			remoteGlobalIDString = C9702AD8252EF14E008A7167;
			remoteInfo = ScoutingApp;
		};
		C9702AF6252EF152008A7167 /* PBXContainerItemProxy */ = {
			isa = PBXContainerItemProxy;
			containerPortal = C9702AD1252EF14E008A7167 /* Project object */;
			proxyType = 1;
			remoteGlobalIDString = C9702AD8252EF14E008A7167;
			remoteInfo = ScoutingApp;
		};
/* End PBXContainerItemProxy section */

/* Begin PBXFileReference section */
		C907765A253115D2006ED382 /* ContentView.swift */ = {isa = PBXFileReference; lastKnownFileType = sourcecode.swift; path = ContentView.swift; sourceTree = "<group>"; };
		C90C911A2557382B006E6752 /* SwiftUIView.swift */ = {isa = PBXFileReference; lastKnownFileType = sourcecode.swift; path = SwiftUIView.swift; sourceTree = "<group>"; };
		C9451F1025495A6300767AFE /* BarFullView.swift */ = {isa = PBXFileReference; lastKnownFileType = sourcecode.swift; path = BarFullView.swift; sourceTree = "<group>"; };
		C9702AD9252EF14E008A7167 /* ScoutingApp.app */ = {isa = PBXFileReference; explicitFileType = wrapper.application; includeInIndex = 0; path = ScoutingApp.app; sourceTree = BUILT_PRODUCTS_DIR; };
		C9702ADC252EF14E008A7167 /* ScoutingAppApp.swift */ = {isa = PBXFileReference; lastKnownFileType = sourcecode.swift; path = ScoutingAppApp.swift; sourceTree = "<group>"; };
		C9702AE0252EF152008A7167 /* Assets.xcassets */ = {isa = PBXFileReference; lastKnownFileType = folder.assetcatalog; path = Assets.xcassets; sourceTree = "<group>"; };
		C9702AE3252EF152008A7167 /* Preview Assets.xcassets */ = {isa = PBXFileReference; lastKnownFileType = folder.assetcatalog; path = "Preview Assets.xcassets"; sourceTree = "<group>"; };
		C9702AE5252EF152008A7167 /* Info.plist */ = {isa = PBXFileReference; lastKnownFileType = text.plist.xml; path = Info.plist; sourceTree = "<group>"; };
		C9702AEA252EF152008A7167 /* ScoutingAppTests.xctest */ = {isa = PBXFileReference; explicitFileType = wrapper.cfbundle; includeInIndex = 0; path = ScoutingAppTests.xctest; sourceTree = BUILT_PRODUCTS_DIR; };
		C9702AEE252EF152008A7167 /* ScoutingAppTests.swift */ = {isa = PBXFileReference; lastKnownFileType = sourcecode.swift; path = ScoutingAppTests.swift; sourceTree = "<group>"; };
		C9702AF0252EF152008A7167 /* Info.plist */ = {isa = PBXFileReference; lastKnownFileType = text.plist.xml; path = Info.plist; sourceTree = "<group>"; };
		C9702AF5252EF152008A7167 /* ScoutingAppUITests.xctest */ = {isa = PBXFileReference; explicitFileType = wrapper.cfbundle; includeInIndex = 0; path = ScoutingAppUITests.xctest; sourceTree = BUILT_PRODUCTS_DIR; };
		C9702AF9252EF152008A7167 /* ScoutingAppUITests.swift */ = {isa = PBXFileReference; lastKnownFileType = sourcecode.swift; path = ScoutingAppUITests.swift; sourceTree = "<group>"; };
		C9702AFB252EF152008A7167 /* Info.plist */ = {isa = PBXFileReference; lastKnownFileType = text.plist.xml; path = Info.plist; sourceTree = "<group>"; };
		C9702B0B252EF16A008A7167 /* MatchView.swift */ = {isa = PBXFileReference; fileEncoding = 4; lastKnownFileType = sourcecode.swift; path = MatchView.swift; sourceTree = "<group>"; };
		C9702B0C252EF16A008A7167 /* matchNav.swift */ = {isa = PBXFileReference; fileEncoding = 4; lastKnownFileType = sourcecode.swift; path = matchNav.swift; sourceTree = "<group>"; };
		C9702B0D252EF16A008A7167 /* MatchList.swift */ = {isa = PBXFileReference; fileEncoding = 4; lastKnownFileType = sourcecode.swift; path = MatchList.swift; sourceTree = "<group>"; };
		C9702B14252EF174008A7167 /* BarGraph.swift */ = {isa = PBXFileReference; fileEncoding = 4; lastKnownFileType = sourcecode.swift; path = BarGraph.swift; sourceTree = "<group>"; };
		C9702B1E252EF189008A7167 /* ThemedButton.swift */ = {isa = PBXFileReference; fileEncoding = 4; lastKnownFileType = sourcecode.swift; path = ThemedButton.swift; sourceTree = "<group>"; };
		C9702B23252EF19C008A7167 /* Team.swift */ = {isa = PBXFileReference; fileEncoding = 4; lastKnownFileType = sourcecode.swift; path = Team.swift; sourceTree = "<group>"; };
		C9702B29252EF1AF008A7167 /* TeamList.swift */ = {isa = PBXFileReference; fileEncoding = 4; lastKnownFileType = sourcecode.swift; path = TeamList.swift; sourceTree = "<group>"; };
		C9702B2A252EF1AF008A7167 /* TeamNav.swift */ = {isa = PBXFileReference; fileEncoding = 4; lastKnownFileType = sourcecode.swift; path = TeamNav.swift; sourceTree = "<group>"; };
		C9702B2B252EF1AF008A7167 /* TeamView.swift */ = {isa = PBXFileReference; fileEncoding = 4; lastKnownFileType = sourcecode.swift; path = TeamView.swift; sourceTree = "<group>"; };
		C9D9E99A254A00D600E42210 /* CardView.swift */ = {isa = PBXFileReference; lastKnownFileType = sourcecode.swift; path = CardView.swift; sourceTree = "<group>"; };
/* End PBXFileReference section */

/* Begin PBXFrameworksBuildPhase section */
		C9702AD6252EF14E008A7167 /* Frameworks */ = {
			isa = PBXFrameworksBuildPhase;
			buildActionMask = 2147483647;
			files = (
				C9F28BA4253002A90011F59F /* ComposableCoreLocation in Frameworks */,
				C90C912725573C16006E6752 /* SwiftUICharts in Frameworks */,
				C9F28BA2253002A90011F59F /* ComposableCoreMotion in Frameworks */,
				C9F28BA0253002A90011F59F /* ComposableArchitecture in Frameworks */,
			);
			runOnlyForDeploymentPostprocessing = 0;
		};
		C9702AE7252EF152008A7167 /* Frameworks */ = {
			isa = PBXFrameworksBuildPhase;
			buildActionMask = 2147483647;
			files = (
			);
			runOnlyForDeploymentPostprocessing = 0;
		};
		C9702AF2252EF152008A7167 /* Frameworks */ = {
			isa = PBXFrameworksBuildPhase;
			buildActionMask = 2147483647;
			files = (
			);
			runOnlyForDeploymentPostprocessing = 0;
		};
/* End PBXFrameworksBuildPhase section */

/* Begin PBXGroup section */
		C9702AD0252EF14E008A7167 = {
			isa = PBXGroup;
			children = (
				C9702ADB252EF14E008A7167 /* ScoutingApp */,
				C9702AED252EF152008A7167 /* ScoutingAppTests */,
				C9702AF8252EF152008A7167 /* ScoutingAppUITests */,
				C9702ADA252EF14E008A7167 /* Products */,
			);
			sourceTree = "<group>";
		};
		C9702ADA252EF14E008A7167 /* Products */ = {
			isa = PBXGroup;
			children = (
				C9702AD9252EF14E008A7167 /* ScoutingApp.app */,
				C9702AEA252EF152008A7167 /* ScoutingAppTests.xctest */,
				C9702AF5252EF152008A7167 /* ScoutingAppUITests.xctest */,
			);
			name = Products;
			sourceTree = "<group>";
		};
		C9702ADB252EF14E008A7167 /* ScoutingApp */ = {
			isa = PBXGroup;
			children = (
				C9702ADC252EF14E008A7167 /* ScoutingAppApp.swift */,
				C907765A253115D2006ED382 /* ContentView.swift */,
				C9702AE0252EF152008A7167 /* Assets.xcassets */,
				C9702AE5252EF152008A7167 /* Info.plist */,
				C9702B1E252EF189008A7167 /* ThemedButton.swift */,
				C9702B14252EF174008A7167 /* BarGraph.swift */,
				C9451F1025495A6300767AFE /* BarFullView.swift */,
				C9D9E99A254A00D600E42210 /* CardView.swift */,
				C9702B23252EF19C008A7167 /* Team.swift */,
				C9702B28252EF1AF008A7167 /* Team */,
				C9702B0A252EF16A008A7167 /* Match */,
				C9702AE2252EF152008A7167 /* Preview Content */,
				C90C911A2557382B006E6752 /* SwiftUIView.swift */,
			);
			path = ScoutingApp;
			sourceTree = "<group>";
		};
		C9702AE2252EF152008A7167 /* Preview Content */ = {
			isa = PBXGroup;
			children = (
				C9702AE3252EF152008A7167 /* Preview Assets.xcassets */,
			);
			path = "Preview Content";
			sourceTree = "<group>";
		};
		C9702AED252EF152008A7167 /* ScoutingAppTests */ = {
			isa = PBXGroup;
			children = (
				C9702AEE252EF152008A7167 /* ScoutingAppTests.swift */,
				C9702AF0252EF152008A7167 /* Info.plist */,
			);
			path = ScoutingAppTests;
			sourceTree = "<group>";
		};
		C9702AF8252EF152008A7167 /* ScoutingAppUITests */ = {
			isa = PBXGroup;
			children = (
				C9702AF9252EF152008A7167 /* ScoutingAppUITests.swift */,
				C9702AFB252EF152008A7167 /* Info.plist */,
			);
			path = ScoutingAppUITests;
			sourceTree = "<group>";
		};
		C9702B0A252EF16A008A7167 /* Match */ = {
			isa = PBXGroup;
			children = (
				C9702B0B252EF16A008A7167 /* MatchView.swift */,
				C9702B0C252EF16A008A7167 /* matchNav.swift */,
				C9702B0D252EF16A008A7167 /* MatchList.swift */,
			);
			path = Match;
			sourceTree = "<group>";
		};
		C9702B28252EF1AF008A7167 /* Team */ = {
			isa = PBXGroup;
			children = (
				C9702B29252EF1AF008A7167 /* TeamList.swift */,
				C9702B2A252EF1AF008A7167 /* TeamNav.swift */,
				C9702B2B252EF1AF008A7167 /* TeamView.swift */,
			);
			path = Team;
			sourceTree = "<group>";
		};
/* End PBXGroup section */

/* Begin PBXNativeTarget section */
		C9702AD8252EF14E008A7167 /* ScoutingApp */ = {
			isa = PBXNativeTarget;
			buildConfigurationList = C9702AFE252EF152008A7167 /* Build configuration list for PBXNativeTarget "ScoutingApp" */;
			buildPhases = (
				C9702AD5252EF14E008A7167 /* Sources */,
				C9702AD6252EF14E008A7167 /* Frameworks */,
				C9702AD7252EF14E008A7167 /* Resources */,
			);
			buildRules = (
			);
			dependencies = (
			);
			name = ScoutingApp;
			packageProductDependencies = (
				C9F28B9F253002A90011F59F /* ComposableArchitecture */,
				C9F28BA1253002A90011F59F /* ComposableCoreMotion */,
				C9F28BA3253002A90011F59F /* ComposableCoreLocation */,
				C90C912625573C16006E6752 /* SwiftUICharts */,
			);
			productName = ScoutingApp;
			productReference = C9702AD9252EF14E008A7167 /* ScoutingApp.app */;
			productType = "com.apple.product-type.application";
		};
		C9702AE9252EF152008A7167 /* ScoutingAppTests */ = {
			isa = PBXNativeTarget;
			buildConfigurationList = C9702B01252EF152008A7167 /* Build configuration list for PBXNativeTarget "ScoutingAppTests" */;
			buildPhases = (
				C9702AE6252EF152008A7167 /* Sources */,
				C9702AE7252EF152008A7167 /* Frameworks */,
				C9702AE8252EF152008A7167 /* Resources */,
			);
			buildRules = (
			);
			dependencies = (
				C9702AEC252EF152008A7167 /* PBXTargetDependency */,
			);
			name = ScoutingAppTests;
			productName = ScoutingAppTests;
			productReference = C9702AEA252EF152008A7167 /* ScoutingAppTests.xctest */;
			productType = "com.apple.product-type.bundle.unit-test";
		};
		C9702AF4252EF152008A7167 /* ScoutingAppUITests */ = {
			isa = PBXNativeTarget;
			buildConfigurationList = C9702B04252EF152008A7167 /* Build configuration list for PBXNativeTarget "ScoutingAppUITests" */;
			buildPhases = (
				C9702AF1252EF152008A7167 /* Sources */,
				C9702AF2252EF152008A7167 /* Frameworks */,
				C9702AF3252EF152008A7167 /* Resources */,
			);
			buildRules = (
			);
			dependencies = (
				C9702AF7252EF152008A7167 /* PBXTargetDependency */,
			);
			name = ScoutingAppUITests;
			productName = ScoutingAppUITests;
			productReference = C9702AF5252EF152008A7167 /* ScoutingAppUITests.xctest */;
			productType = "com.apple.product-type.bundle.ui-testing";
		};
/* End PBXNativeTarget section */

/* Begin PBXProject section */
		C9702AD1252EF14E008A7167 /* Project object */ = {
			isa = PBXProject;
			attributes = {
				LastSwiftUpdateCheck = 1200;
				LastUpgradeCheck = 1200;
				TargetAttributes = {
					C9702AD8252EF14E008A7167 = {
						CreatedOnToolsVersion = 12.0.1;
					};
					C9702AE9252EF152008A7167 = {
						CreatedOnToolsVersion = 12.0.1;
						TestTargetID = C9702AD8252EF14E008A7167;
					};
					C9702AF4252EF152008A7167 = {
						CreatedOnToolsVersion = 12.0.1;
						TestTargetID = C9702AD8252EF14E008A7167;
					};
				};
			};
			buildConfigurationList = C9702AD4252EF14E008A7167 /* Build configuration list for PBXProject "ScoutingApp" */;
			compatibilityVersion = "Xcode 9.3";
			developmentRegion = en;
			hasScannedForEncodings = 0;
			knownRegions = (
				en,
				Base,
			);
			mainGroup = C9702AD0252EF14E008A7167;
			packageReferences = (
				C9F28B9E253002A90011F59F /* XCRemoteSwiftPackageReference "swift-composable-architecture" */,
				C90C912525573C16006E6752 /* XCRemoteSwiftPackageReference "ChartView" */,
			);
			productRefGroup = C9702ADA252EF14E008A7167 /* Products */;
			projectDirPath = "";
			projectRoot = "";
			targets = (
				C9702AD8252EF14E008A7167 /* ScoutingApp */,
				C9702AE9252EF152008A7167 /* ScoutingAppTests */,
				C9702AF4252EF152008A7167 /* ScoutingAppUITests */,
			);
		};
/* End PBXProject section */

/* Begin PBXResourcesBuildPhase section */
		C9702AD7252EF14E008A7167 /* Resources */ = {
			isa = PBXResourcesBuildPhase;
			buildActionMask = 2147483647;
			files = (
				C9702AE4252EF152008A7167 /* Preview Assets.xcassets in Resources */,
				C9702AE1252EF152008A7167 /* Assets.xcassets in Resources */,
			);
			runOnlyForDeploymentPostprocessing = 0;
		};
		C9702AE8252EF152008A7167 /* Resources */ = {
			isa = PBXResourcesBuildPhase;
			buildActionMask = 2147483647;
			files = (
			);
			runOnlyForDeploymentPostprocessing = 0;
		};
		C9702AF3252EF152008A7167 /* Resources */ = {
			isa = PBXResourcesBuildPhase;
			buildActionMask = 2147483647;
			files = (
			);
			runOnlyForDeploymentPostprocessing = 0;
		};
/* End PBXResourcesBuildPhase section */

/* Begin PBXSourcesBuildPhase section */
		C9702AD5252EF14E008A7167 /* Sources */ = {
			isa = PBXSourcesBuildPhase;
			buildActionMask = 2147483647;
			files = (
				C9D9E99B254A00D600E42210 /* CardView.swift in Sources */,
				C9702B2C252EF1AF008A7167 /* TeamList.swift in Sources */,
				C9702B24252EF19C008A7167 /* Team.swift in Sources */,
				C9702B1F252EF18A008A7167 /* ThemedButton.swift in Sources */,
				C9702B2D252EF1AF008A7167 /* TeamNav.swift in Sources */,
				C9451F1125495A6300767AFE /* BarFullView.swift in Sources */,
				C9702B15252EF174008A7167 /* BarGraph.swift in Sources */,
				C9702B10252EF16A008A7167 /* MatchList.swift in Sources */,
				C90C911B2557382B006E6752 /* SwiftUIView.swift in Sources */,
				C9702B0E252EF16A008A7167 /* MatchView.swift in Sources */,
				C9702ADD252EF14E008A7167 /* ScoutingAppApp.swift in Sources */,
				C907765B253115D2006ED382 /* ContentView.swift in Sources */,
				C9702B0F252EF16A008A7167 /* matchNav.swift in Sources */,
				C9702B2E252EF1AF008A7167 /* TeamView.swift in Sources */,
			);
			runOnlyForDeploymentPostprocessing = 0;
		};
		C9702AE6252EF152008A7167 /* Sources */ = {
			isa = PBXSourcesBuildPhase;
			buildActionMask = 2147483647;
			files = (
				C9702AEF252EF152008A7167 /* ScoutingAppTests.swift in Sources */,
			);
			runOnlyForDeploymentPostprocessing = 0;
		};
		C9702AF1252EF152008A7167 /* Sources */ = {
			isa = PBXSourcesBuildPhase;
			buildActionMask = 2147483647;
			files = (
				C9702AFA252EF152008A7167 /* ScoutingAppUITests.swift in Sources */,
			);
			runOnlyForDeploymentPostprocessing = 0;
		};
/* End PBXSourcesBuildPhase section */

/* Begin PBXTargetDependency section */
		C9702AEC252EF152008A7167 /* PBXTargetDependency */ = {
			isa = PBXTargetDependency;
			target = C9702AD8252EF14E008A7167 /* ScoutingApp */;
			targetProxy = C9702AEB252EF152008A7167 /* PBXContainerItemProxy */;
		};
		C9702AF7252EF152008A7167 /* PBXTargetDependency */ = {
			isa = PBXTargetDependency;
			target = C9702AD8252EF14E008A7167 /* ScoutingApp */;
			targetProxy = C9702AF6252EF152008A7167 /* PBXContainerItemProxy */;
		};
/* End PBXTargetDependency section */

/* Begin XCBuildConfiguration section */
		C9702AFC252EF152008A7167 /* Debug */ = {
			isa = XCBuildConfiguration;
			buildSettings = {
				ALWAYS_SEARCH_USER_PATHS = NO;
				CLANG_ANALYZER_NONNULL = YES;
				CLANG_ANALYZER_NUMBER_OBJECT_CONVERSION = YES_AGGRESSIVE;
				CLANG_CXX_LANGUAGE_STANDARD = "gnu++14";
				CLANG_CXX_LIBRARY = "libc++";
				CLANG_ENABLE_MODULES = YES;
				CLANG_ENABLE_OBJC_ARC = YES;
				CLANG_ENABLE_OBJC_WEAK = YES;
				CLANG_WARN_BLOCK_CAPTURE_AUTORELEASING = YES;
				CLANG_WARN_BOOL_CONVERSION = YES;
				CLANG_WARN_COMMA = YES;
				CLANG_WARN_CONSTANT_CONVERSION = YES;
				CLANG_WARN_DEPRECATED_OBJC_IMPLEMENTATIONS = YES;
				CLANG_WARN_DIRECT_OBJC_ISA_USAGE = YES_ERROR;
				CLANG_WARN_DOCUMENTATION_COMMENTS = YES;
				CLANG_WARN_EMPTY_BODY = YES;
				CLANG_WARN_ENUM_CONVERSION = YES;
				CLANG_WARN_INFINITE_RECURSION = YES;
				CLANG_WARN_INT_CONVERSION = YES;
				CLANG_WARN_NON_LITERAL_NULL_CONVERSION = YES;
				CLANG_WARN_OBJC_IMPLICIT_RETAIN_SELF = YES;
				CLANG_WARN_OBJC_LITERAL_CONVERSION = YES;
				CLANG_WARN_OBJC_ROOT_CLASS = YES_ERROR;
				CLANG_WARN_QUOTED_INCLUDE_IN_FRAMEWORK_HEADER = YES;
				CLANG_WARN_RANGE_LOOP_ANALYSIS = YES;
				CLANG_WARN_STRICT_PROTOTYPES = YES;
				CLANG_WARN_SUSPICIOUS_MOVE = YES;
				CLANG_WARN_UNGUARDED_AVAILABILITY = YES_AGGRESSIVE;
				CLANG_WARN_UNREACHABLE_CODE = YES;
				CLANG_WARN__DUPLICATE_METHOD_MATCH = YES;
				COPY_PHASE_STRIP = NO;
				DEBUG_INFORMATION_FORMAT = dwarf;
				ENABLE_STRICT_OBJC_MSGSEND = YES;
				ENABLE_TESTABILITY = YES;
				GCC_C_LANGUAGE_STANDARD = gnu11;
				GCC_DYNAMIC_NO_PIC = NO;
				GCC_NO_COMMON_BLOCKS = YES;
				GCC_OPTIMIZATION_LEVEL = 0;
				GCC_PREPROCESSOR_DEFINITIONS = (
					"DEBUG=1",
					"$(inherited)",
				);
				GCC_WARN_64_TO_32_BIT_CONVERSION = YES;
				GCC_WARN_ABOUT_RETURN_TYPE = YES_ERROR;
				GCC_WARN_UNDECLARED_SELECTOR = YES;
				GCC_WARN_UNINITIALIZED_AUTOS = YES_AGGRESSIVE;
				GCC_WARN_UNUSED_FUNCTION = YES;
				GCC_WARN_UNUSED_VARIABLE = YES;
				IPHONEOS_DEPLOYMENT_TARGET = 14.0;
				MTL_ENABLE_DEBUG_INFO = INCLUDE_SOURCE;
				MTL_FAST_MATH = YES;
				ONLY_ACTIVE_ARCH = YES;
				SDKROOT = iphoneos;
				SWIFT_ACTIVE_COMPILATION_CONDITIONS = DEBUG;
				SWIFT_OPTIMIZATION_LEVEL = "-Onone";
			};
			name = Debug;
		};
		C9702AFD252EF152008A7167 /* Release */ = {
			isa = XCBuildConfiguration;
			buildSettings = {
				ALWAYS_SEARCH_USER_PATHS = NO;
				CLANG_ANALYZER_NONNULL = YES;
				CLANG_ANALYZER_NUMBER_OBJECT_CONVERSION = YES_AGGRESSIVE;
				CLANG_CXX_LANGUAGE_STANDARD = "gnu++14";
				CLANG_CXX_LIBRARY = "libc++";
				CLANG_ENABLE_MODULES = YES;
				CLANG_ENABLE_OBJC_ARC = YES;
				CLANG_ENABLE_OBJC_WEAK = YES;
				CLANG_WARN_BLOCK_CAPTURE_AUTORELEASING = YES;
				CLANG_WARN_BOOL_CONVERSION = YES;
				CLANG_WARN_COMMA = YES;
				CLANG_WARN_CONSTANT_CONVERSION = YES;
				CLANG_WARN_DEPRECATED_OBJC_IMPLEMENTATIONS = YES;
				CLANG_WARN_DIRECT_OBJC_ISA_USAGE = YES_ERROR;
				CLANG_WARN_DOCUMENTATION_COMMENTS = YES;
				CLANG_WARN_EMPTY_BODY = YES;
				CLANG_WARN_ENUM_CONVERSION = YES;
				CLANG_WARN_INFINITE_RECURSION = YES;
				CLANG_WARN_INT_CONVERSION = YES;
				CLANG_WARN_NON_LITERAL_NULL_CONVERSION = YES;
				CLANG_WARN_OBJC_IMPLICIT_RETAIN_SELF = YES;
				CLANG_WARN_OBJC_LITERAL_CONVERSION = YES;
				CLANG_WARN_OBJC_ROOT_CLASS = YES_ERROR;
				CLANG_WARN_QUOTED_INCLUDE_IN_FRAMEWORK_HEADER = YES;
				CLANG_WARN_RANGE_LOOP_ANALYSIS = YES;
				CLANG_WARN_STRICT_PROTOTYPES = YES;
				CLANG_WARN_SUSPICIOUS_MOVE = YES;
				CLANG_WARN_UNGUARDED_AVAILABILITY = YES_AGGRESSIVE;
				CLANG_WARN_UNREACHABLE_CODE = YES;
				CLANG_WARN__DUPLICATE_METHOD_MATCH = YES;
				COPY_PHASE_STRIP = NO;
				DEBUG_INFORMATION_FORMAT = "dwarf-with-dsym";
				ENABLE_NS_ASSERTIONS = NO;
				ENABLE_STRICT_OBJC_MSGSEND = YES;
				GCC_C_LANGUAGE_STANDARD = gnu11;
				GCC_NO_COMMON_BLOCKS = YES;
				GCC_WARN_64_TO_32_BIT_CONVERSION = YES;
				GCC_WARN_ABOUT_RETURN_TYPE = YES_ERROR;
				GCC_WARN_UNDECLARED_SELECTOR = YES;
				GCC_WARN_UNINITIALIZED_AUTOS = YES_AGGRESSIVE;
				GCC_WARN_UNUSED_FUNCTION = YES;
				GCC_WARN_UNUSED_VARIABLE = YES;
				IPHONEOS_DEPLOYMENT_TARGET = 14.0;
				MTL_ENABLE_DEBUG_INFO = NO;
				MTL_FAST_MATH = YES;
				SDKROOT = iphoneos;
				SWIFT_COMPILATION_MODE = wholemodule;
				SWIFT_OPTIMIZATION_LEVEL = "-O";
				VALIDATE_PRODUCT = YES;
			};
			name = Release;
		};
		C9702AFF252EF152008A7167 /* Debug */ = {
			isa = XCBuildConfiguration;
			buildSettings = {
				ASSETCATALOG_COMPILER_APPICON_NAME = AppIcon;
				ASSETCATALOG_COMPILER_GLOBAL_ACCENT_COLOR_NAME = AccentColor;
				CODE_SIGN_STYLE = Automatic;
				DEVELOPMENT_ASSET_PATHS = "\"ScoutingApp/Preview Content\"";
				ENABLE_PREVIEWS = YES;
				INFOPLIST_FILE = ScoutingApp/Info.plist;
				IPHONEOS_DEPLOYMENT_TARGET = 14.0;
				LD_RUNPATH_SEARCH_PATHS = (
					"$(inherited)",
					"@executable_path/Frameworks",
				);
				PRODUCT_BUNDLE_IDENTIFIER = "MSET-CuttleFish.ScoutingApp";
				PRODUCT_NAME = "$(TARGET_NAME)";
				SWIFT_VERSION = 5.0;
				TARGETED_DEVICE_FAMILY = "1,2";
			};
			name = Debug;
		};
		C9702B00252EF152008A7167 /* Release */ = {
			isa = XCBuildConfiguration;
			buildSettings = {
				ASSETCATALOG_COMPILER_APPICON_NAME = AppIcon;
				ASSETCATALOG_COMPILER_GLOBAL_ACCENT_COLOR_NAME = AccentColor;
				CODE_SIGN_STYLE = Automatic;
				DEVELOPMENT_ASSET_PATHS = "\"ScoutingApp/Preview Content\"";
				ENABLE_PREVIEWS = YES;
				INFOPLIST_FILE = ScoutingApp/Info.plist;
				IPHONEOS_DEPLOYMENT_TARGET = 14.0;
				LD_RUNPATH_SEARCH_PATHS = (
					"$(inherited)",
					"@executable_path/Frameworks",
				);
				PRODUCT_BUNDLE_IDENTIFIER = "MSET-CuttleFish.ScoutingApp";
				PRODUCT_NAME = "$(TARGET_NAME)";
				SWIFT_VERSION = 5.0;
				TARGETED_DEVICE_FAMILY = "1,2";
			};
			name = Release;
		};
		C9702B02252EF152008A7167 /* Debug */ = {
			isa = XCBuildConfiguration;
			buildSettings = {
				ALWAYS_EMBED_SWIFT_STANDARD_LIBRARIES = YES;
				BUNDLE_LOADER = "$(TEST_HOST)";
				CODE_SIGN_STYLE = Automatic;
				INFOPLIST_FILE = ScoutingAppTests/Info.plist;
				IPHONEOS_DEPLOYMENT_TARGET = 14.0;
				LD_RUNPATH_SEARCH_PATHS = (
					"$(inherited)",
					"@executable_path/Frameworks",
					"@loader_path/Frameworks",
				);
				PRODUCT_BUNDLE_IDENTIFIER = "MSET-CuttleFish.ScoutingAppTests";
				PRODUCT_NAME = "$(TARGET_NAME)";
				SWIFT_VERSION = 5.0;
				TARGETED_DEVICE_FAMILY = "1,2";
				TEST_HOST = "$(BUILT_PRODUCTS_DIR)/ScoutingApp.app/ScoutingApp";
			};
			name = Debug;
		};
		C9702B03252EF152008A7167 /* Release */ = {
			isa = XCBuildConfiguration;
			buildSettings = {
				ALWAYS_EMBED_SWIFT_STANDARD_LIBRARIES = YES;
				BUNDLE_LOADER = "$(TEST_HOST)";
				CODE_SIGN_STYLE = Automatic;
				INFOPLIST_FILE = ScoutingAppTests/Info.plist;
				IPHONEOS_DEPLOYMENT_TARGET = 14.0;
				LD_RUNPATH_SEARCH_PATHS = (
					"$(inherited)",
					"@executable_path/Frameworks",
					"@loader_path/Frameworks",
				);
				PRODUCT_BUNDLE_IDENTIFIER = "MSET-CuttleFish.ScoutingAppTests";
				PRODUCT_NAME = "$(TARGET_NAME)";
				SWIFT_VERSION = 5.0;
				TARGETED_DEVICE_FAMILY = "1,2";
				TEST_HOST = "$(BUILT_PRODUCTS_DIR)/ScoutingApp.app/ScoutingApp";
			};
			name = Release;
		};
		C9702B05252EF152008A7167 /* Debug */ = {
			isa = XCBuildConfiguration;
			buildSettings = {
				ALWAYS_EMBED_SWIFT_STANDARD_LIBRARIES = YES;
				CODE_SIGN_STYLE = Automatic;
				INFOPLIST_FILE = ScoutingAppUITests/Info.plist;
				LD_RUNPATH_SEARCH_PATHS = (
					"$(inherited)",
					"@executable_path/Frameworks",
					"@loader_path/Frameworks",
				);
				PRODUCT_BUNDLE_IDENTIFIER = "MSET-CuttleFish.ScoutingAppUITests";
				PRODUCT_NAME = "$(TARGET_NAME)";
				SWIFT_VERSION = 5.0;
				TARGETED_DEVICE_FAMILY = "1,2";
				TEST_TARGET_NAME = ScoutingApp;
			};
			name = Debug;
		};
		C9702B06252EF152008A7167 /* Release */ = {
			isa = XCBuildConfiguration;
			buildSettings = {
				ALWAYS_EMBED_SWIFT_STANDARD_LIBRARIES = YES;
				CODE_SIGN_STYLE = Automatic;
				INFOPLIST_FILE = ScoutingAppUITests/Info.plist;
				LD_RUNPATH_SEARCH_PATHS = (
					"$(inherited)",
					"@executable_path/Frameworks",
					"@loader_path/Frameworks",
				);
				PRODUCT_BUNDLE_IDENTIFIER = "MSET-CuttleFish.ScoutingAppUITests";
				PRODUCT_NAME = "$(TARGET_NAME)";
				SWIFT_VERSION = 5.0;
				TARGETED_DEVICE_FAMILY = "1,2";
				TEST_TARGET_NAME = ScoutingApp;
			};
			name = Release;
		};
/* End XCBuildConfiguration section */

/* Begin XCConfigurationList section */
		C9702AD4252EF14E008A7167 /* Build configuration list for PBXProject "ScoutingApp" */ = {
			isa = XCConfigurationList;
			buildConfigurations = (
				C9702AFC252EF152008A7167 /* Debug */,
				C9702AFD252EF152008A7167 /* Release */,
			);
			defaultConfigurationIsVisible = 0;
			defaultConfigurationName = Release;
		};
		C9702AFE252EF152008A7167 /* Build configuration list for PBXNativeTarget "ScoutingApp" */ = {
			isa = XCConfigurationList;
			buildConfigurations = (
				C9702AFF252EF152008A7167 /* Debug */,
				C9702B00252EF152008A7167 /* Release */,
			);
			defaultConfigurationIsVisible = 0;
			defaultConfigurationName = Release;
		};
		C9702B01252EF152008A7167 /* Build configuration list for PBXNativeTarget "ScoutingAppTests" */ = {
			isa = XCConfigurationList;
			buildConfigurations = (
				C9702B02252EF152008A7167 /* Debug */,
				C9702B03252EF152008A7167 /* Release */,
			);
			defaultConfigurationIsVisible = 0;
			defaultConfigurationName = Release;
		};
		C9702B04252EF152008A7167 /* Build configuration list for PBXNativeTarget "ScoutingAppUITests" */ = {
			isa = XCConfigurationList;
			buildConfigurations = (
				C9702B05252EF152008A7167 /* Debug */,
				C9702B06252EF152008A7167 /* Release */,
			);
			defaultConfigurationIsVisible = 0;
			defaultConfigurationName = Release;
		};
/* End XCConfigurationList section */

/* Begin XCRemoteSwiftPackageReference section */
		C90C912525573C16006E6752 /* XCRemoteSwiftPackageReference "ChartView" */ = {
			isa = XCRemoteSwiftPackageReference;
			repositoryURL = "https://github.com/AppPear/ChartView";
			requirement = {
				kind = upToNextMajorVersion;
				minimumVersion = 1.5.4;
			};
		};
		C9F28B9E253002A90011F59F /* XCRemoteSwiftPackageReference "swift-composable-architecture" */ = {
			isa = XCRemoteSwiftPackageReference;
			repositoryURL = "https://github.com/pointfreeco/swift-composable-architecture.git";
			requirement = {
				kind = upToNextMajorVersion;
				minimumVersion = 0.8.0;
			};
		};
/* End XCRemoteSwiftPackageReference section */

/* Begin XCSwiftPackageProductDependency section */
		C90C912625573C16006E6752 /* SwiftUICharts */ = {
			isa = XCSwiftPackageProductDependency;
			package = C90C912525573C16006E6752 /* XCRemoteSwiftPackageReference "ChartView" */;
			productName = SwiftUICharts;
		};
		C9F28B9F253002A90011F59F /* ComposableArchitecture */ = {
			isa = XCSwiftPackageProductDependency;
			package = C9F28B9E253002A90011F59F /* XCRemoteSwiftPackageReference "swift-composable-architecture" */;
			productName = ComposableArchitecture;
		};
		C9F28BA1253002A90011F59F /* ComposableCoreMotion */ = {
			isa = XCSwiftPackageProductDependency;
			package = C9F28B9E253002A90011F59F /* XCRemoteSwiftPackageReference "swift-composable-architecture" */;
			productName = ComposableCoreMotion;
		};
		C9F28BA3253002A90011F59F /* ComposableCoreLocation */ = {
			isa = XCSwiftPackageProductDependency;
			package = C9F28B9E253002A90011F59F /* XCRemoteSwiftPackageReference "swift-composable-architecture" */;
			productName = ComposableCoreLocation;
		};
/* End XCSwiftPackageProductDependency section */
	};
	rootObject = C9702AD1252EF14E008A7167 /* Project object */;
}
